// !$*UTF8*$!
{
	archiveVersion = 1;
	classes = {
	};
	objectVersion = 56;
	objects = {

/* Begin PBXBuildFile section */
		847EF3E32D2B09B000700877 /* MacReaderApp.swift in Sources */ = {isa = PBXBuildFile; fileRef = 847EF3E22D2B09B000700877 /* MacReaderApp.swift */; };
		847EF3E52D2B09B000700877 /* ContentView.swift in Sources */ = {isa = PBXBuildFile; fileRef = 847EF3E42D2B09B000700877 /* ContentView.swift */; };
		847EF3E72D2B09B100700877 /* Assets.xcassets in Resources */ = {isa = PBXBuildFile; fileRef = 847EF3E62D2B09B100700877 /* Assets.xcassets */; };
		847EF3EA2D2B09B100700877 /* Preview Assets.xcassets in Resources */ = {isa = PBXBuildFile; fileRef = 847EF3E92D2B09B100700877 /* Preview Assets.xcassets */; };
		847EF3F52D2B09B100700877 /* MacReaderTests.swift in Sources */ = {isa = PBXBuildFile; fileRef = 847EF3F42D2B09B100700877 /* MacReaderTests.swift */; };
		847EF3FF2D2B09B100700877 /* MacReaderUITests.swift in Sources */ = {isa = PBXBuildFile; fileRef = 847EF3FE2D2B09B100700877 /* MacReaderUITests.swift */; };
		847EF4012D2B09B100700877 /* MacReaderUITestsLaunchTests.swift in Sources */ = {isa = PBXBuildFile; fileRef = 847EF4002D2B09B100700877 /* MacReaderUITestsLaunchTests.swift */; };
		847EF40F2D2B0A1200700877 /* MacReaderCoreData.xcdatamodeld in Sources */ = {isa = PBXBuildFile; fileRef = 847EF40D2D2B0A1200700877 /* MacReaderCoreData.xcdatamodeld */; };
		847EF4112D2B121E00700877 /* PersistentController.swift in Sources */ = {isa = PBXBuildFile; fileRef = 847EF4102D2B121E00700877 /* PersistentController.swift */; };
		84CAB2742D359FF000C60AE7 /* BookView.swift in Sources */ = {isa = PBXBuildFile; fileRef = 84CAB2732D359FF000C60AE7 /* BookView.swift */; };
/* End PBXBuildFile section */

/* Begin PBXContainerItemProxy section */
		847EF3F12D2B09B100700877 /* PBXContainerItemProxy */ = {
			isa = PBXContainerItemProxy;
			containerPortal = 847EF3D72D2B09B000700877 /* Project object */;
			proxyType = 1;
			remoteGlobalIDString = 847EF3DE2D2B09B000700877;
			remoteInfo = MacReader;
		};
		847EF3FB2D2B09B100700877 /* PBXContainerItemProxy */ = {
			isa = PBXContainerItemProxy;
			containerPortal = 847EF3D72D2B09B000700877 /* Project object */;
			proxyType = 1;
			remoteGlobalIDString = 847EF3DE2D2B09B000700877;
			remoteInfo = MacReader;
		};
/* End PBXContainerItemProxy section */

/* Begin PBXFileReference section */
		847EF3DF2D2B09B000700877 /* MacReader.app */ = {isa = PBXFileReference; explicitFileType = wrapper.application; includeInIndex = 0; path = MacReader.app; sourceTree = BUILT_PRODUCTS_DIR; };
		847EF3E22D2B09B000700877 /* MacReaderApp.swift */ = {isa = PBXFileReference; lastKnownFileType = sourcecode.swift; path = MacReaderApp.swift; sourceTree = "<group>"; };
		847EF3E42D2B09B000700877 /* ContentView.swift */ = {isa = PBXFileReference; lastKnownFileType = sourcecode.swift; path = ContentView.swift; sourceTree = "<group>"; };
		847EF3E62D2B09B100700877 /* Assets.xcassets */ = {isa = PBXFileReference; lastKnownFileType = folder.assetcatalog; path = Assets.xcassets; sourceTree = "<group>"; };
		847EF3E92D2B09B100700877 /* Preview Assets.xcassets */ = {isa = PBXFileReference; lastKnownFileType = folder.assetcatalog; path = "Preview Assets.xcassets"; sourceTree = "<group>"; };
		847EF3EB2D2B09B100700877 /* MacReader.entitlements */ = {isa = PBXFileReference; lastKnownFileType = text.plist.entitlements; path = MacReader.entitlements; sourceTree = "<group>"; };
		847EF3F02D2B09B100700877 /* MacReaderTests.xctest */ = {isa = PBXFileReference; explicitFileType = wrapper.cfbundle; includeInIndex = 0; path = MacReaderTests.xctest; sourceTree = BUILT_PRODUCTS_DIR; };
		847EF3F42D2B09B100700877 /* MacReaderTests.swift */ = {isa = PBXFileReference; lastKnownFileType = sourcecode.swift; path = MacReaderTests.swift; sourceTree = "<group>"; };
		847EF3FA2D2B09B100700877 /* MacReaderUITests.xctest */ = {isa = PBXFileReference; explicitFileType = wrapper.cfbundle; includeInIndex = 0; path = MacReaderUITests.xctest; sourceTree = BUILT_PRODUCTS_DIR; };
		847EF3FE2D2B09B100700877 /* MacReaderUITests.swift */ = {isa = PBXFileReference; lastKnownFileType = sourcecode.swift; path = MacReaderUITests.swift; sourceTree = "<group>"; };
		847EF4002D2B09B100700877 /* MacReaderUITestsLaunchTests.swift */ = {isa = PBXFileReference; lastKnownFileType = sourcecode.swift; path = MacReaderUITestsLaunchTests.swift; sourceTree = "<group>"; };
		847EF40E2D2B0A1200700877 /* MacReaderCoreData.xcdatamodel */ = {isa = PBXFileReference; lastKnownFileType = wrapper.xcdatamodel; path = MacReaderCoreData.xcdatamodel; sourceTree = "<group>"; };
		847EF4102D2B121E00700877 /* PersistentController.swift */ = {isa = PBXFileReference; lastKnownFileType = sourcecode.swift; path = PersistentController.swift; sourceTree = "<group>"; };
		84CAB2732D359FF000C60AE7 /* BookView.swift */ = {isa = PBXFileReference; lastKnownFileType = sourcecode.swift; path = BookView.swift; sourceTree = "<group>"; };
/* End PBXFileReference section */

/* Begin PBXFrameworksBuildPhase section */
		847EF3DC2D2B09B000700877 /* Frameworks */ = {
			isa = PBXFrameworksBuildPhase;
			buildActionMask = 2147483647;
			files = (
			);
			runOnlyForDeploymentPostprocessing = 0;
		};
		847EF3ED2D2B09B100700877 /* Frameworks */ = {
			isa = PBXFrameworksBuildPhase;
			buildActionMask = 2147483647;
			files = (
			);
			runOnlyForDeploymentPostprocessing = 0;
		};
		847EF3F72D2B09B100700877 /* Frameworks */ = {
			isa = PBXFrameworksBuildPhase;
			buildActionMask = 2147483647;
			files = (
			);
			runOnlyForDeploymentPostprocessing = 0;
		};
/* End PBXFrameworksBuildPhase section */

/* Begin PBXGroup section */
		847EF3D62D2B09B000700877 = {
			isa = PBXGroup;
			children = (
				847EF40D2D2B0A1200700877 /* MacReaderCoreData.xcdatamodeld */,
				847EF3E12D2B09B000700877 /* MacReader */,
				847EF3F32D2B09B100700877 /* MacReaderTests */,
				847EF3FD2D2B09B100700877 /* MacReaderUITests */,
				847EF3E02D2B09B000700877 /* Products */,
			);
			sourceTree = "<group>";
		};
		847EF3E02D2B09B000700877 /* Products */ = {
			isa = PBXGroup;
			children = (
				847EF3DF2D2B09B000700877 /* MacReader.app */,
				847EF3F02D2B09B100700877 /* MacReaderTests.xctest */,
				847EF3FA2D2B09B100700877 /* MacReaderUITests.xctest */,
			);
			name = Products;
			sourceTree = "<group>";
		};
		847EF3E12D2B09B000700877 /* MacReader */ = {
			isa = PBXGroup;
			children = (
				847EF3E22D2B09B000700877 /* MacReaderApp.swift */,
				847EF3E42D2B09B000700877 /* ContentView.swift */,
				847EF4102D2B121E00700877 /* PersistentController.swift */,
				847EF3E62D2B09B100700877 /* Assets.xcassets */,
				847EF3EB2D2B09B100700877 /* MacReader.entitlements */,
				847EF3E82D2B09B100700877 /* Preview Content */,
				84CAB2732D359FF000C60AE7 /* BookView.swift */,
			);
			path = MacReader;
			sourceTree = "<group>";
		};
		847EF3E82D2B09B100700877 /* Preview Content */ = {
			isa = PBXGroup;
			children = (
				847EF3E92D2B09B100700877 /* Preview Assets.xcassets */,
			);
			path = "Preview Content";
			sourceTree = "<group>";
		};
		847EF3F32D2B09B100700877 /* MacReaderTests */ = {
			isa = PBXGroup;
			children = (
				847EF3F42D2B09B100700877 /* MacReaderTests.swift */,
			);
			path = MacReaderTests;
			sourceTree = "<group>";
		};
		847EF3FD2D2B09B100700877 /* MacReaderUITests */ = {
			isa = PBXGroup;
			children = (
				847EF3FE2D2B09B100700877 /* MacReaderUITests.swift */,
				847EF4002D2B09B100700877 /* MacReaderUITestsLaunchTests.swift */,
			);
			path = MacReaderUITests;
			sourceTree = "<group>";
		};
/* End PBXGroup section */

/* Begin PBXNativeTarget section */
		847EF3DE2D2B09B000700877 /* MacReader */ = {
			isa = PBXNativeTarget;
			buildConfigurationList = 847EF4042D2B09B100700877 /* Build configuration list for PBXNativeTarget "MacReader" */;
			buildPhases = (
				847EF3DB2D2B09B000700877 /* Sources */,
				847EF3DC2D2B09B000700877 /* Frameworks */,
				847EF3DD2D2B09B000700877 /* Resources */,
			);
			buildRules = (
			);
			dependencies = (
			);
			name = MacReader;
			productName = MacReader;
			productReference = 847EF3DF2D2B09B000700877 /* MacReader.app */;
			productType = "com.apple.product-type.application";
		};
		847EF3EF2D2B09B100700877 /* MacReaderTests */ = {
			isa = PBXNativeTarget;
			buildConfigurationList = 847EF4072D2B09B100700877 /* Build configuration list for PBXNativeTarget "MacReaderTests" */;
			buildPhases = (
				847EF3EC2D2B09B100700877 /* Sources */,
				847EF3ED2D2B09B100700877 /* Frameworks */,
				847EF3EE2D2B09B100700877 /* Resources */,
			);
			buildRules = (
			);
			dependencies = (
				847EF3F22D2B09B100700877 /* PBXTargetDependency */,
			);
			name = MacReaderTests;
			productName = MacReaderTests;
			productReference = 847EF3F02D2B09B100700877 /* MacReaderTests.xctest */;
			productType = "com.apple.product-type.bundle.unit-test";
		};
		847EF3F92D2B09B100700877 /* MacReaderUITests */ = {
			isa = PBXNativeTarget;
			buildConfigurationList = 847EF40A2D2B09B100700877 /* Build configuration list for PBXNativeTarget "MacReaderUITests" */;
			buildPhases = (
				847EF3F62D2B09B100700877 /* Sources */,
				847EF3F72D2B09B100700877 /* Frameworks */,
				847EF3F82D2B09B100700877 /* Resources */,
			);
			buildRules = (
			);
			dependencies = (
				847EF3FC2D2B09B100700877 /* PBXTargetDependency */,
			);
			name = MacReaderUITests;
			productName = MacReaderUITests;
			productReference = 847EF3FA2D2B09B100700877 /* MacReaderUITests.xctest */;
			productType = "com.apple.product-type.bundle.ui-testing";
		};
/* End PBXNativeTarget section */

/* Begin PBXProject section */
		847EF3D72D2B09B000700877 /* Project object */ = {
			isa = PBXProject;
			attributes = {
				BuildIndependentTargetsInParallel = 1;
				LastSwiftUpdateCheck = 1530;
				LastUpgradeCheck = 1530;
				TargetAttributes = {
					847EF3DE2D2B09B000700877 = {
						CreatedOnToolsVersion = 15.3;
					};
					847EF3EF2D2B09B100700877 = {
						CreatedOnToolsVersion = 15.3;
						TestTargetID = 847EF3DE2D2B09B000700877;
					};
					847EF3F92D2B09B100700877 = {
						CreatedOnToolsVersion = 15.3;
						TestTargetID = 847EF3DE2D2B09B000700877;
					};
				};
			};
			buildConfigurationList = 847EF3DA2D2B09B000700877 /* Build configuration list for PBXProject "MacReader" */;
			compatibilityVersion = "Xcode 14.0";
			developmentRegion = en;
			hasScannedForEncodings = 0;
			knownRegions = (
				en,
				Base,
			);
			mainGroup = 847EF3D62D2B09B000700877;
			productRefGroup = 847EF3E02D2B09B000700877 /* Products */;
			projectDirPath = "";
			projectRoot = "";
			targets = (
				847EF3DE2D2B09B000700877 /* MacReader */,
				847EF3EF2D2B09B100700877 /* MacReaderTests */,
				847EF3F92D2B09B100700877 /* MacReaderUITests */,
			);
		};
/* End PBXProject section */

/* Begin PBXResourcesBuildPhase section */
		847EF3DD2D2B09B000700877 /* Resources */ = {
			isa = PBXResourcesBuildPhase;
			buildActionMask = 2147483647;
			files = (
				847EF3EA2D2B09B100700877 /* Preview Assets.xcassets in Resources */,
				847EF3E72D2B09B100700877 /* Assets.xcassets in Resources */,
			);
			runOnlyForDeploymentPostprocessing = 0;
		};
		847EF3EE2D2B09B100700877 /* Resources */ = {
			isa = PBXResourcesBuildPhase;
			buildActionMask = 2147483647;
			files = (
			);
			runOnlyForDeploymentPostprocessing = 0;
		};
		847EF3F82D2B09B100700877 /* Resources */ = {
			isa = PBXResourcesBuildPhase;
			buildActionMask = 2147483647;
			files = (
			);
			runOnlyForDeploymentPostprocessing = 0;
		};
/* End PBXResourcesBuildPhase section */

/* Begin PBXSourcesBuildPhase section */
		847EF3DB2D2B09B000700877 /* Sources */ = {
			isa = PBXSourcesBuildPhase;
			buildActionMask = 2147483647;
			files = (
				847EF3E52D2B09B000700877 /* ContentView.swift in Sources */,
				847EF40F2D2B0A1200700877 /* MacReaderCoreData.xcdatamodeld in Sources */,
				847EF4112D2B121E00700877 /* PersistentController.swift in Sources */,
				847EF3E32D2B09B000700877 /* MacReaderApp.swift in Sources */,
				84CAB2742D359FF000C60AE7 /* BookView.swift in Sources */,
			);
			runOnlyForDeploymentPostprocessing = 0;
		};
		847EF3EC2D2B09B100700877 /* Sources */ = {
			isa = PBXSourcesBuildPhase;
			buildActionMask = 2147483647;
			files = (
				847EF3F52D2B09B100700877 /* MacReaderTests.swift in Sources */,
			);
			runOnlyForDeploymentPostprocessing = 0;
		};
		847EF3F62D2B09B100700877 /* Sources */ = {
			isa = PBXSourcesBuildPhase;
			buildActionMask = 2147483647;
			files = (
				847EF3FF2D2B09B100700877 /* MacReaderUITests.swift in Sources */,
				847EF4012D2B09B100700877 /* MacReaderUITestsLaunchTests.swift in Sources */,
			);
			runOnlyForDeploymentPostprocessing = 0;
		};
/* End PBXSourcesBuildPhase section */

/* Begin PBXTargetDependency section */
		847EF3F22D2B09B100700877 /* PBXTargetDependency */ = {
			isa = PBXTargetDependency;
			target = 847EF3DE2D2B09B000700877 /* MacReader */;
			targetProxy = 847EF3F12D2B09B100700877 /* PBXContainerItemProxy */;
		};
		847EF3FC2D2B09B100700877 /* PBXTargetDependency */ = {
			isa = PBXTargetDependency;
			target = 847EF3DE2D2B09B000700877 /* MacReader */;
			targetProxy = 847EF3FB2D2B09B100700877 /* PBXContainerItemProxy */;
		};
/* End PBXTargetDependency section */

/* Begin XCBuildConfiguration section */
		847EF4022D2B09B100700877 /* Debug */ = {
			isa = XCBuildConfiguration;
			buildSettings = {
				ALWAYS_SEARCH_USER_PATHS = NO;
				ASSETCATALOG_COMPILER_GENERATE_SWIFT_ASSET_SYMBOL_EXTENSIONS = YES;
				CLANG_ANALYZER_NONNULL = YES;
				CLANG_ANALYZER_NUMBER_OBJECT_CONVERSION = YES_AGGRESSIVE;
				CLANG_CXX_LANGUAGE_STANDARD = "gnu++20";
				CLANG_ENABLE_MODULES = YES;
				CLANG_ENABLE_OBJC_ARC = YES;
				CLANG_ENABLE_OBJC_WEAK = YES;
				CLANG_WARN_BLOCK_CAPTURE_AUTORELEASING = YES;
				CLANG_WARN_BOOL_CONVERSION = YES;
				CLANG_WARN_COMMA = YES;
				CLANG_WARN_CONSTANT_CONVERSION = YES;
				CLANG_WARN_DEPRECATED_OBJC_IMPLEMENTATIONS = YES;
				CLANG_WARN_DIRECT_OBJC_ISA_USAGE = YES_ERROR;
				CLANG_WARN_DOCUMENTATION_COMMENTS = YES;
				CLANG_WARN_EMPTY_BODY = YES;
				CLANG_WARN_ENUM_CONVERSION = YES;
				CLANG_WARN_INFINITE_RECURSION = YES;
				CLANG_WARN_INT_CONVERSION = YES;
				CLANG_WARN_NON_LITERAL_NULL_CONVERSION = YES;
				CLANG_WARN_OBJC_IMPLICIT_RETAIN_SELF = YES;
				CLANG_WARN_OBJC_LITERAL_CONVERSION = YES;
				CLANG_WARN_OBJC_ROOT_CLASS = YES_ERROR;
				CLANG_WARN_QUOTED_INCLUDE_IN_FRAMEWORK_HEADER = YES;
				CLANG_WARN_RANGE_LOOP_ANALYSIS = YES;
				CLANG_WARN_STRICT_PROTOTYPES = YES;
				CLANG_WARN_SUSPICIOUS_MOVE = YES;
				CLANG_WARN_UNGUARDED_AVAILABILITY = YES_AGGRESSIVE;
				CLANG_WARN_UNREACHABLE_CODE = YES;
				CLANG_WARN__DUPLICATE_METHOD_MATCH = YES;
				COPY_PHASE_STRIP = NO;
				DEBUG_INFORMATION_FORMAT = dwarf;
				ENABLE_STRICT_OBJC_MSGSEND = YES;
				ENABLE_TESTABILITY = YES;
				ENABLE_USER_SCRIPT_SANDBOXING = YES;
				GCC_C_LANGUAGE_STANDARD = gnu17;
				GCC_DYNAMIC_NO_PIC = NO;
				GCC_NO_COMMON_BLOCKS = YES;
				GCC_OPTIMIZATION_LEVEL = 0;
				GCC_PREPROCESSOR_DEFINITIONS = (
					"DEBUG=1",
					"$(inherited)",
				);
				GCC_WARN_64_TO_32_BIT_CONVERSION = YES;
				GCC_WARN_ABOUT_RETURN_TYPE = YES_ERROR;
				GCC_WARN_UNDECLARED_SELECTOR = YES;
				GCC_WARN_UNINITIALIZED_AUTOS = YES_AGGRESSIVE;
				GCC_WARN_UNUSED_FUNCTION = YES;
				GCC_WARN_UNUSED_VARIABLE = YES;
				LOCALIZATION_PREFERS_STRING_CATALOGS = YES;
				MACOSX_DEPLOYMENT_TARGET = 14.2;
				MTL_ENABLE_DEBUG_INFO = INCLUDE_SOURCE;
				MTL_FAST_MATH = YES;
				ONLY_ACTIVE_ARCH = YES;
				SDKROOT = macosx;
				SWIFT_ACTIVE_COMPILATION_CONDITIONS = "DEBUG $(inherited)";
				SWIFT_OPTIMIZATION_LEVEL = "-Onone";
			};
			name = Debug;
		};
		847EF4032D2B09B100700877 /* Release */ = {
			isa = XCBuildConfiguration;
			buildSettings = {
				ALWAYS_SEARCH_USER_PATHS = NO;
				ASSETCATALOG_COMPILER_GENERATE_SWIFT_ASSET_SYMBOL_EXTENSIONS = YES;
				CLANG_ANALYZER_NONNULL = YES;
				CLANG_ANALYZER_NUMBER_OBJECT_CONVERSION = YES_AGGRESSIVE;
				CLANG_CXX_LANGUAGE_STANDARD = "gnu++20";
				CLANG_ENABLE_MODULES = YES;
				CLANG_ENABLE_OBJC_ARC = YES;
				CLANG_ENABLE_OBJC_WEAK = YES;
				CLANG_WARN_BLOCK_CAPTURE_AUTORELEASING = YES;
				CLANG_WARN_BOOL_CONVERSION = YES;
				CLANG_WARN_COMMA = YES;
				CLANG_WARN_CONSTANT_CONVERSION = YES;
				CLANG_WARN_DEPRECATED_OBJC_IMPLEMENTATIONS = YES;
				CLANG_WARN_DIRECT_OBJC_ISA_USAGE = YES_ERROR;
				CLANG_WARN_DOCUMENTATION_COMMENTS = YES;
				CLANG_WARN_EMPTY_BODY = YES;
				CLANG_WARN_ENUM_CONVERSION = YES;
				CLANG_WARN_INFINITE_RECURSION = YES;
				CLANG_WARN_INT_CONVERSION = YES;
				CLANG_WARN_NON_LITERAL_NULL_CONVERSION = YES;
				CLANG_WARN_OBJC_IMPLICIT_RETAIN_SELF = YES;
				CLANG_WARN_OBJC_LITERAL_CONVERSION = YES;
				CLANG_WARN_OBJC_ROOT_CLASS = YES_ERROR;
				CLANG_WARN_QUOTED_INCLUDE_IN_FRAMEWORK_HEADER = YES;
				CLANG_WARN_RANGE_LOOP_ANALYSIS = YES;
				CLANG_WARN_STRICT_PROTOTYPES = YES;
				CLANG_WARN_SUSPICIOUS_MOVE = YES;
				CLANG_WARN_UNGUARDED_AVAILABILITY = YES_AGGRESSIVE;
				CLANG_WARN_UNREACHABLE_CODE = YES;
				CLANG_WARN__DUPLICATE_METHOD_MATCH = YES;
				COPY_PHASE_STRIP = NO;
				DEBUG_INFORMATION_FORMAT = "dwarf-with-dsym";
				ENABLE_NS_ASSERTIONS = NO;
				ENABLE_STRICT_OBJC_MSGSEND = YES;
				ENABLE_USER_SCRIPT_SANDBOXING = YES;
				GCC_C_LANGUAGE_STANDARD = gnu17;
				GCC_NO_COMMON_BLOCKS = YES;
				GCC_WARN_64_TO_32_BIT_CONVERSION = YES;
				GCC_WARN_ABOUT_RETURN_TYPE = YES_ERROR;
				GCC_WARN_UNDECLARED_SELECTOR = YES;
				GCC_WARN_UNINITIALIZED_AUTOS = YES_AGGRESSIVE;
				GCC_WARN_UNUSED_FUNCTION = YES;
				GCC_WARN_UNUSED_VARIABLE = YES;
				LOCALIZATION_PREFERS_STRING_CATALOGS = YES;
				MACOSX_DEPLOYMENT_TARGET = 14.2;
				MTL_ENABLE_DEBUG_INFO = NO;
				MTL_FAST_MATH = YES;
				SDKROOT = macosx;
				SWIFT_COMPILATION_MODE = wholemodule;
			};
			name = Release;
		};
		847EF4052D2B09B100700877 /* Debug */ = {
			isa = XCBuildConfiguration;
			buildSettings = {
				ASSETCATALOG_COMPILER_APPICON_NAME = AppIcon;
				ASSETCATALOG_COMPILER_GLOBAL_ACCENT_COLOR_NAME = AccentColor;
				CODE_SIGN_ENTITLEMENTS = MacReader/MacReader.entitlements;
				CODE_SIGN_STYLE = Automatic;
				COMBINE_HIDPI_IMAGES = YES;
				CURRENT_PROJECT_VERSION = 1;
				DEVELOPMENT_ASSET_PATHS = "\"MacReader/Preview Content\"";
				ENABLE_PREVIEWS = YES;
				GENERATE_INFOPLIST_FILE = YES;
				INFOPLIST_KEY_NSHumanReadableCopyright = "";
				LD_RUNPATH_SEARCH_PATHS = (
					"$(inherited)",
					"@executable_path/../Frameworks",
				);
				MARKETING_VERSION = 1.0;
				PRODUCT_BUNDLE_IDENTIFIER = runa.MacReader;
				PRODUCT_NAME = "$(TARGET_NAME)";
				SWIFT_EMIT_LOC_STRINGS = YES;
				SWIFT_VERSION = 5.0;
			};
			name = Debug;
		};
		847EF4062D2B09B100700877 /* Release */ = {
			isa = XCBuildConfiguration;
			buildSettings = {
				ASSETCATALOG_COMPILER_APPICON_NAME = AppIcon;
				ASSETCATALOG_COMPILER_GLOBAL_ACCENT_COLOR_NAME = AccentColor;
				CODE_SIGN_ENTITLEMENTS = MacReader/MacReader.entitlements;
				CODE_SIGN_STYLE = Automatic;
				COMBINE_HIDPI_IMAGES = YES;
				CURRENT_PROJECT_VERSION = 1;
				DEVELOPMENT_ASSET_PATHS = "\"MacReader/Preview Content\"";
				ENABLE_PREVIEWS = YES;
				GENERATE_INFOPLIST_FILE = YES;
				INFOPLIST_KEY_NSHumanReadableCopyright = "";
				LD_RUNPATH_SEARCH_PATHS = (
					"$(inherited)",
					"@executable_path/../Frameworks",
				);
				MARKETING_VERSION = 1.0;
				PRODUCT_BUNDLE_IDENTIFIER = runa.MacReader;
				PRODUCT_NAME = "$(TARGET_NAME)";
				SWIFT_EMIT_LOC_STRINGS = YES;
				SWIFT_VERSION = 5.0;
			};
			name = Release;
		};
		847EF4082D2B09B100700877 /* Debug */ = {
			isa = XCBuildConfiguration;
			buildSettings = {
				ALWAYS_EMBED_SWIFT_STANDARD_LIBRARIES = YES;
				BUNDLE_LOADER = "$(TEST_HOST)";
				CODE_SIGN_STYLE = Automatic;
				CURRENT_PROJECT_VERSION = 1;
				GENERATE_INFOPLIST_FILE = YES;
				MACOSX_DEPLOYMENT_TARGET = 14.2;
				MARKETING_VERSION = 1.0;
				PRODUCT_BUNDLE_IDENTIFIER = runa.MacReaderTests;
				PRODUCT_NAME = "$(TARGET_NAME)";
				SWIFT_EMIT_LOC_STRINGS = NO;
				SWIFT_VERSION = 5.0;
				TEST_HOST = "$(BUILT_PRODUCTS_DIR)/MacReader.app/$(BUNDLE_EXECUTABLE_FOLDER_PATH)/MacReader";
			};
			name = Debug;
		};
		847EF4092D2B09B100700877 /* Release */ = {
			isa = XCBuildConfiguration;
			buildSettings = {
				ALWAYS_EMBED_SWIFT_STANDARD_LIBRARIES = YES;
				BUNDLE_LOADER = "$(TEST_HOST)";
				CODE_SIGN_STYLE = Automatic;
				CURRENT_PROJECT_VERSION = 1;
				GENERATE_INFOPLIST_FILE = YES;
				MACOSX_DEPLOYMENT_TARGET = 14.2;
				MARKETING_VERSION = 1.0;
				PRODUCT_BUNDLE_IDENTIFIER = runa.MacReaderTests;
				PRODUCT_NAME = "$(TARGET_NAME)";
				SWIFT_EMIT_LOC_STRINGS = NO;
				SWIFT_VERSION = 5.0;
				TEST_HOST = "$(BUILT_PRODUCTS_DIR)/MacReader.app/$(BUNDLE_EXECUTABLE_FOLDER_PATH)/MacReader";
			};
			name = Release;
		};
		847EF40B2D2B09B100700877 /* Debug */ = {
			isa = XCBuildConfiguration;
			buildSettings = {
				ALWAYS_EMBED_SWIFT_STANDARD_LIBRARIES = YES;
				CODE_SIGN_STYLE = Automatic;
				CURRENT_PROJECT_VERSION = 1;
				GENERATE_INFOPLIST_FILE = YES;
				MARKETING_VERSION = 1.0;
				PRODUCT_BUNDLE_IDENTIFIER = runa.MacReaderUITests;
				PRODUCT_NAME = "$(TARGET_NAME)";
				SWIFT_EMIT_LOC_STRINGS = NO;
				SWIFT_VERSION = 5.0;
				TEST_TARGET_NAME = MacReader;
			};
			name = Debug;
		};
		847EF40C2D2B09B100700877 /* Release */ = {
			isa = XCBuildConfiguration;
			buildSettings = {
				ALWAYS_EMBED_SWIFT_STANDARD_LIBRARIES = YES;
				CODE_SIGN_STYLE = Automatic;
				CURRENT_PROJECT_VERSION = 1;
				GENERATE_INFOPLIST_FILE = YES;
				MARKETING_VERSION = 1.0;
				PRODUCT_BUNDLE_IDENTIFIER = runa.MacReaderUITests;
				PRODUCT_NAME = "$(TARGET_NAME)";
				SWIFT_EMIT_LOC_STRINGS = NO;
				SWIFT_VERSION = 5.0;
				TEST_TARGET_NAME = MacReader;
			};
			name = Release;
		};
/* End XCBuildConfiguration section */

/* Begin XCConfigurationList section */
		847EF3DA2D2B09B000700877 /* Build configuration list for PBXProject "MacReader" */ = {
			isa = XCConfigurationList;
			buildConfigurations = (
				847EF4022D2B09B100700877 /* Debug */,
				847EF4032D2B09B100700877 /* Release */,
			);
			defaultConfigurationIsVisible = 0;
			defaultConfigurationName = Release;
		};
		847EF4042D2B09B100700877 /* Build configuration list for PBXNativeTarget "MacReader" */ = {
			isa = XCConfigurationList;
			buildConfigurations = (
				847EF4052D2B09B100700877 /* Debug */,
				847EF4062D2B09B100700877 /* Release */,
			);
			defaultConfigurationIsVisible = 0;
			defaultConfigurationName = Release;
		};
		847EF4072D2B09B100700877 /* Build configuration list for PBXNativeTarget "MacReaderTests" */ = {
			isa = XCConfigurationList;
			buildConfigurations = (
				847EF4082D2B09B100700877 /* Debug */,
				847EF4092D2B09B100700877 /* Release */,
			);
			defaultConfigurationIsVisible = 0;
			defaultConfigurationName = Release;
		};
		847EF40A2D2B09B100700877 /* Build configuration list for PBXNativeTarget "MacReaderUITests" */ = {
			isa = XCConfigurationList;
			buildConfigurations = (
				847EF40B2D2B09B100700877 /* Debug */,
				847EF40C2D2B09B100700877 /* Release */,
			);
			defaultConfigurationIsVisible = 0;
			defaultConfigurationName = Release;
		};
/* End XCConfigurationList section */

/* Begin XCVersionGroup section */
		847EF40D2D2B0A1200700877 /* MacReaderCoreData.xcdatamodeld */ = {
			isa = XCVersionGroup;
			children = (
				847EF40E2D2B0A1200700877 /* MacReaderCoreData.xcdatamodel */,
			);
			currentVersion = 847EF40E2D2B0A1200700877 /* MacReaderCoreData.xcdatamodel */;
			name = MacReaderCoreData.xcdatamodeld;
			path = /Users/admin/Documents/MacReader/MacReaderCoreData.xcdatamodeld;
			sourceTree = "<group>";
			versionGroupType = wrapper.xcdatamodel;
		};
/* End XCVersionGroup section */
	};
	rootObject = 847EF3D72D2B09B000700877 /* Project object */;
}
